{
  "name": "gvsh.cc",
  "lockfileVersion": 3,
  "requires": true,
  "packages": {
    "": {
      "dependencies": {
        "echo-css": "^0.1.3",
        "luxon": "^3.5.0"
      }
    },
    "node_modules/echo-css": {
      "version": "0.1.3",
      "resolved": "https://registry.npmjs.org/echo-css/-/echo-css-0.1.3.tgz",
      "integrity": "sha512-+fQeB1/99asbiHg/On0t7YO1V/xiHem3qwcO3ewLOJKnrdgESqstrJGU7aBKSyl5nHY205s2/BSKzxjS/djvLw=="
    },
    "node_modules/luxon": {
      "version": "3.5.0",
      "resolved": "https://registry.npmjs.org/luxon/-/luxon-3.5.0.tgz",
      "integrity": "sha512-rh+Zjr6DNfUYR3bPwJEnuwDdqMbxZW7LOQfUN4B54+Cl+0o5zaU9RJ6bcidfDtC1cWCZXQ+nvX8bf6bAji37QQ==",
      "engines": {
        "node": ">=12"
      }
    }
  }
}
